Microsoft Visual Studio Solution File, Format Version 12.00
# Visual Studio Version 17
VisualStudioVersion = 17.5.2.0
MinimumVisualStudioVersion = 10.0.40219.1
Project("{FAE04EC0-301F-11D3-BF4B-00C04F79EFBC}") = "AH.CancerConnect.API", "src\AH.CancerConnect.API.csproj", "{AC5BF81C-EBB6-A894-1E61-869D5CB7630A}"
EndProject
Project("{2150E333-8FDC-42A3-9474-1A3956D46DE8}") = "Solution Items", "Solution Items", "{02EA681E-C7D8-13C7-8484-4AC65E1B71E8}"
	ProjectSection(SolutionItems) = preProject
		.editorconfig = .editorconfig
	EndProjectSection
EndProject
Global
	GlobalSection(SolutionConfigurationPlatforms) = preSolution
		Debug|Any CPU = Debug|Any CPU
		Release|Any CPU = Release|Any CPU
	EndGlobalSection
	GlobalSection(ProjectConfigurationPlatforms) = postSolution
		{AC5BF81C-EBB6-A894-1E61-869D5CB7630A}.Debug|Any CPU.ActiveCfg = Debug|Any CPU
		{AC5BF81C-EBB6-A894-1E61-869D5CB7630A}.Debug|Any CPU.Build.0 = Debug|Any CPU
		{AC5BF81C-EBB6-A894-1E61-869D5CB7630A}.Release|Any CPU.ActiveCfg = Release|Any CPU
		{AC5BF81C-EBB6-A894-1E61-869D5CB7630A}.Release|Any CPU.Build.0 = Release|Any CPU
	EndGlobalSection
	GlobalSection(SolutionProperties) = preSolution
		HideSolutionNode = FALSE
	EndGlobalSection
	GlobalSection(ExtensibilityGlobals) = postSolution
		SolutionGuid = {1A293FD1-C54D-4311-ACE5-68115668547C}
	EndGlobalSection
EndGlobal
